// !$*UTF8*$!
{
	archiveVersion = 1;
	classes = {
	};
	objectVersion = 46;
	objects = {

/* Begin PBXBuildFile section */
		B8648A6A1CF21D4C00C765FB /* AppDelegate.swift in Sources */ = {isa = PBXBuildFile; fileRef = B8648A691CF21D4C00C765FB /* AppDelegate.swift */; };
		B8648A6C1CF21D4C00C765FB /* ViewController.swift in Sources */ = {isa = PBXBuildFile; fileRef = B8648A6B1CF21D4C00C765FB /* ViewController.swift */; };
		B8648A6F1CF21D4C00C765FB /* Main.storyboard in Resources */ = {isa = PBXBuildFile; fileRef = B8648A6D1CF21D4C00C765FB /* Main.storyboard */; };
		B8648A711CF21D4C00C765FB /* Assets.xcassets in Resources */ = {isa = PBXBuildFile; fileRef = B8648A701CF21D4C00C765FB /* Assets.xcassets */; };
		B8648A741CF21D4C00C765FB /* LaunchScreen.storyboard in Resources */ = {isa = PBXBuildFile; fileRef = B8648A721CF21D4C00C765FB /* LaunchScreen.storyboard */; };
		B8648A7F1CF21D4D00C765FB /* TipCalculationTests.swift in Sources */ = {isa = PBXBuildFile; fileRef = B8648A7E1CF21D4D00C765FB /* TipCalculationTests.swift */; };
		B8648A8A1CF21D4D00C765FB /* TipCalculationUITests.swift in Sources */ = {isa = PBXBuildFile; fileRef = B8648A891CF21D4D00C765FB /* TipCalculationUITests.swift */; };
		B8CCF0C01D1983B00037C5C6 /* SettingViewController.swift in Sources */ = {isa = PBXBuildFile; fileRef = B8CCF0BF1D1983B00037C5C6 /* SettingViewController.swift */; };
/* End PBXBuildFile section */

/* Begin PBXContainerItemProxy section */
		B8648A7B1CF21D4D00C765FB /* PBXContainerItemProxy */ = {
			isa = PBXContainerItemProxy;
			containerPortal = B8648A5E1CF21D4C00C765FB /* Project object */;
			proxyType = 1;
			remoteGlobalIDString = B8648A651CF21D4C00C765FB;
			remoteInfo = TipCalculation;
		};
		B8648A861CF21D4D00C765FB /* PBXContainerItemProxy */ = {
			isa = PBXContainerItemProxy;
			containerPortal = B8648A5E1CF21D4C00C765FB /* Project object */;
			proxyType = 1;
			remoteGlobalIDString = B8648A651CF21D4C00C765FB;
			remoteInfo = TipCalculation;
		};
/* End PBXContainerItemProxy section */

/* Begin PBXFileReference section */
		B8648A661CF21D4C00C765FB /* TipCalculation.app */ = {isa = PBXFileReference; explicitFileType = wrapper.application; includeInIndex = 0; path = TipCalculation.app; sourceTree = BUILT_PRODUCTS_DIR; };
		B8648A691CF21D4C00C765FB /* AppDelegate.swift */ = {isa = PBXFileReference; lastKnownFileType = sourcecode.swift; path = AppDelegate.swift; sourceTree = "<group>"; };
		B8648A6B1CF21D4C00C765FB /* ViewController.swift */ = {isa = PBXFileReference; lastKnownFileType = sourcecode.swift; path = ViewController.swift; sourceTree = "<group>"; };
		B8648A6E1CF21D4C00C765FB /* Base */ = {isa = PBXFileReference; lastKnownFileType = file.storyboard; name = Base; path = Base.lproj/Main.storyboard; sourceTree = "<group>"; };
		B8648A701CF21D4C00C765FB /* Assets.xcassets */ = {isa = PBXFileReference; lastKnownFileType = folder.assetcatalog; path = Assets.xcassets; sourceTree = "<group>"; };
		B8648A731CF21D4C00C765FB /* Base */ = {isa = PBXFileReference; lastKnownFileType = file.storyboard; name = Base; path = Base.lproj/LaunchScreen.storyboard; sourceTree = "<group>"; };
		B8648A751CF21D4D00C765FB /* Info.plist */ = {isa = PBXFileReference; lastKnownFileType = text.plist.xml; path = Info.plist; sourceTree = "<group>"; };
		B8648A7A1CF21D4D00C765FB /* TipCalculationTests.xctest */ = {isa = PBXFileReference; explicitFileType = wrapper.cfbundle; includeInIndex = 0; path = TipCalculationTests.xctest; sourceTree = BUILT_PRODUCTS_DIR; };
		B8648A7E1CF21D4D00C765FB /* TipCalculationTests.swift */ = {isa = PBXFileReference; lastKnownFileType = sourcecode.swift; path = TipCalculationTests.swift; sourceTree = "<group>"; };
		B8648A801CF21D4D00C765FB /* Info.plist */ = {isa = PBXFileReference; lastKnownFileType = text.plist.xml; path = Info.plist; sourceTree = "<group>"; };
		B8648A851CF21D4D00C765FB /* TipCalculationUITests.xctest */ = {isa = PBXFileReference; explicitFileType = wrapper.cfbundle; includeInIndex = 0; path = TipCalculationUITests.xctest; sourceTree = BUILT_PRODUCTS_DIR; };
		B8648A891CF21D4D00C765FB /* TipCalculationUITests.swift */ = {isa = PBXFileReference; lastKnownFileType = sourcecode.swift; path = TipCalculationUITests.swift; sourceTree = "<group>"; };
		B8648A8B1CF21D4D00C765FB /* Info.plist */ = {isa = PBXFileReference; lastKnownFileType = text.plist.xml; path = Info.plist; sourceTree = "<group>"; };
		B8CCF0BF1D1983B00037C5C6 /* SettingViewController.swift */ = {isa = PBXFileReference; fileEncoding = 4; lastKnownFileType = sourcecode.swift; path = SettingViewController.swift; sourceTree = "<group>"; };
/* End PBXFileReference section */

/* Begin PBXFrameworksBuildPhase section */
		B8648A631CF21D4C00C765FB /* Frameworks */ = {
			isa = PBXFrameworksBuildPhase;
			buildActionMask = 2147483647;
			files = (
			);
			runOnlyForDeploymentPostprocessing = 0;
		};
		B8648A771CF21D4D00C765FB /* Frameworks */ = {
			isa = PBXFrameworksBuildPhase;
			buildActionMask = 2147483647;
			files = (
			);
			runOnlyForDeploymentPostprocessing = 0;
		};
		B8648A821CF21D4D00C765FB /* Frameworks */ = {
			isa = PBXFrameworksBuildPhase;
			buildActionMask = 2147483647;
			files = (
			);
			runOnlyForDeploymentPostprocessing = 0;
		};
/* End PBXFrameworksBuildPhase section */

/* Begin PBXGroup section */
		B8648A5D1CF21D4C00C765FB = {
			isa = PBXGroup;
			children = (
				B8648A681CF21D4C00C765FB /* TipCalculation */,
				B8648A7D1CF21D4D00C765FB /* TipCalculationTests */,
				B8648A881CF21D4D00C765FB /* TipCalculationUITests */,
				B8648A671CF21D4C00C765FB /* Products */,
			);
			sourceTree = "<group>";
		};
		B8648A671CF21D4C00C765FB /* Products */ = {
			isa = PBXGroup;
			children = (
				B8648A661CF21D4C00C765FB /* TipCalculation.app */,
				B8648A7A1CF21D4D00C765FB /* TipCalculationTests.xctest */,
				B8648A851CF21D4D00C765FB /* TipCalculationUITests.xctest */,
			);
			name = Products;
			sourceTree = "<group>";
		};
		B8648A681CF21D4C00C765FB /* TipCalculation */ = {
			isa = PBXGroup;
			children = (
				B8CCF0BF1D1983B00037C5C6 /* SettingViewController.swift */,
				B8648A691CF21D4C00C765FB /* AppDelegate.swift */,
				B8648A6B1CF21D4C00C765FB /* ViewController.swift */,
				B8648A6D1CF21D4C00C765FB /* Main.storyboard */,
				B8648A701CF21D4C00C765FB /* Assets.xcassets */,
				B8648A721CF21D4C00C765FB /* LaunchScreen.storyboard */,
				B8648A751CF21D4D00C765FB /* Info.plist */,
			);
			path = TipCalculation;
			sourceTree = "<group>";
		};
		B8648A7D1CF21D4D00C765FB /* TipCalculationTests */ = {
			isa = PBXGroup;
			children = (
				B8648A7E1CF21D4D00C765FB /* TipCalculationTests.swift */,
				B8648A801CF21D4D00C765FB /* Info.plist */,
			);
			path = TipCalculationTests;
			sourceTree = "<group>";
		};
		B8648A881CF21D4D00C765FB /* TipCalculationUITests */ = {
			isa = PBXGroup;
			children = (
				B8648A891CF21D4D00C765FB /* TipCalculationUITests.swift */,
				B8648A8B1CF21D4D00C765FB /* Info.plist */,
			);
			path = TipCalculationUITests;
			sourceTree = "<group>";
		};
/* End PBXGroup section */

/* Begin PBXNativeTarget section */
		B8648A651CF21D4C00C765FB /* TipCalculation */ = {
			isa = PBXNativeTarget;
			buildConfigurationList = B8648A8E1CF21D4D00C765FB /* Build configuration list for PBXNativeTarget "TipCalculation" */;
			buildPhases = (
				B8648A621CF21D4C00C765FB /* Sources */,
				B8648A631CF21D4C00C765FB /* Frameworks */,
				B8648A641CF21D4C00C765FB /* Resources */,
			);
			buildRules = (
			);
			dependencies = (
			);
			name = TipCalculation;
			productName = TipCalculation;
			productReference = B8648A661CF21D4C00C765FB /* TipCalculation.app */;
			productType = "com.apple.product-type.application";
		};
		B8648A791CF21D4D00C765FB /* TipCalculationTests */ = {
			isa = PBXNativeTarget;
			buildConfigurationList = B8648A911CF21D4D00C765FB /* Build configuration list for PBXNativeTarget "TipCalculationTests" */;
			buildPhases = (
				B8648A761CF21D4D00C765FB /* Sources */,
				B8648A771CF21D4D00C765FB /* Frameworks */,
				B8648A781CF21D4D00C765FB /* Resources */,
			);
			buildRules = (
			);
			dependencies = (
				B8648A7C1CF21D4D00C765FB /* PBXTargetDependency */,
			);
			name = TipCalculationTests;
			productName = TipCalculationTests;
			productReference = B8648A7A1CF21D4D00C765FB /* TipCalculationTests.xctest */;
			productType = "com.apple.product-type.bundle.unit-test";
		};
		B8648A841CF21D4D00C765FB /* TipCalculationUITests */ = {
			isa = PBXNativeTarget;
			buildConfigurationList = B8648A941CF21D4D00C765FB /* Build configuration list for PBXNativeTarget "TipCalculationUITests" */;
			buildPhases = (
				B8648A811CF21D4D00C765FB /* Sources */,
				B8648A821CF21D4D00C765FB /* Frameworks */,
				B8648A831CF21D4D00C765FB /* Resources */,
			);
			buildRules = (
			);
			dependencies = (
				B8648A871CF21D4D00C765FB /* PBXTargetDependency */,
			);
			name = TipCalculationUITests;
			productName = TipCalculationUITests;
			productReference = B8648A851CF21D4D00C765FB /* TipCalculationUITests.xctest */;
			productType = "com.apple.product-type.bundle.ui-testing";
		};
/* End PBXNativeTarget section */

/* Begin PBXProject section */
		B8648A5E1CF21D4C00C765FB /* Project object */ = {
			isa = PBXProject;
			attributes = {
				LastSwiftUpdateCheck = 0730;
				LastUpgradeCheck = 0730;
				ORGANIZATIONNAME = VuNguyen;
				TargetAttributes = {
					B8648A651CF21D4C00C765FB = {
						CreatedOnToolsVersion = 7.3.1;
						DevelopmentTeam = 38TWKN4D2T;
					};
					B8648A791CF21D4D00C765FB = {
						CreatedOnToolsVersion = 7.3.1;
						DevelopmentTeam = 38TWKN4D2T;
						TestTargetID = B8648A651CF21D4C00C765FB;
					};
					B8648A841CF21D4D00C765FB = {
						CreatedOnToolsVersion = 7.3.1;
						DevelopmentTeam = 38TWKN4D2T;
						TestTargetID = B8648A651CF21D4C00C765FB;
					};
				};
			};
			buildConfigurationList = B8648A611CF21D4C00C765FB /* Build configuration list for PBXProject "TipCalculation" */;
			compatibilityVersion = "Xcode 3.2";
			developmentRegion = English;
			hasScannedForEncodings = 0;
			knownRegions = (
				en,
				Base,
			);
			mainGroup = B8648A5D1CF21D4C00C765FB;
			productRefGroup = B8648A671CF21D4C00C765FB /* Products */;
			projectDirPath = "";
			projectRoot = "";
			targets = (
				B8648A651CF21D4C00C765FB /* TipCalculation */,
				B8648A791CF21D4D00C765FB /* TipCalculationTests */,
				B8648A841CF21D4D00C765FB /* TipCalculationUITests */,
			);
		};
/* End PBXProject section */

/* Begin PBXResourcesBuildPhase section */
		B8648A641CF21D4C00C765FB /* Resources */ = {
			isa = PBXResourcesBuildPhase;
			buildActionMask = 2147483647;
			files = (
				B8648A741CF21D4C00C765FB /* LaunchScreen.storyboard in Resources */,
				B8648A711CF21D4C00C765FB /* Assets.xcassets in Resources */,
				B8648A6F1CF21D4C00C765FB /* Main.storyboard in Resources */,
			);
			runOnlyForDeploymentPostprocessing = 0;
		};
		B8648A781CF21D4D00C765FB /* Resources */ = {
			isa = PBXResourcesBuildPhase;
			buildActionMask = 2147483647;
			files = (
			);
			runOnlyForDeploymentPostprocessing = 0;
		};
		B8648A831CF21D4D00C765FB /* Resources */ = {
			isa = PBXResourcesBuildPhase;
			buildActionMask = 2147483647;
			files = (
			);
			runOnlyForDeploymentPostprocessing = 0;
		};
/* End PBXResourcesBuildPhase section */

/* Begin PBXSourcesBuildPhase section */
		B8648A621CF21D4C00C765FB /* Sources */ = {
			isa = PBXSourcesBuildPhase;
			buildActionMask = 2147483647;
			files = (
				B8648A6C1CF21D4C00C765FB /* ViewController.swift in Sources */,
				B8648A6A1CF21D4C00C765FB /* AppDelegate.swift in Sources */,
				B8CCF0C01D1983B00037C5C6 /* SettingViewController.swift in Sources */,
			);
			runOnlyForDeploymentPostprocessing = 0;
		};
		B8648A761CF21D4D00C765FB /* Sources */ = {
			isa = PBXSourcesBuildPhase;
			buildActionMask = 2147483647;
			files = (
				B8648A7F1CF21D4D00C765FB /* TipCalculationTests.swift in Sources */,
			);
			runOnlyForDeploymentPostprocessing = 0;
		};
		B8648A811CF21D4D00C765FB /* Sources */ = {
			isa = PBXSourcesBuildPhase;
			buildActionMask = 2147483647;
			files = (
				B8648A8A1CF21D4D00C765FB /* TipCalculationUITests.swift in Sources */,
			);
			runOnlyForDeploymentPostprocessing = 0;
		};
/* End PBXSourcesBuildPhase section */

/* Begin PBXTargetDependency section */
		B8648A7C1CF21D4D00C765FB /* PBXTargetDependency */ = {
			isa = PBXTargetDependency;
			target = B8648A651CF21D4C00C765FB /* TipCalculation */;
			targetProxy = B8648A7B1CF21D4D00C765FB /* PBXContainerItemProxy */;
		};
		B8648A871CF21D4D00C765FB /* PBXTargetDependency */ = {
			isa = PBXTargetDependency;
			target = B8648A651CF21D4C00C765FB /* TipCalculation */;
			targetProxy = B8648A861CF21D4D00C765FB /* PBXContainerItemProxy */;
		};
/* End PBXTargetDependency section */

/* Begin PBXVariantGroup section */
		B8648A6D1CF21D4C00C765FB /* Main.storyboard */ = {
			isa = PBXVariantGroup;
			children = (
				B8648A6E1CF21D4C00C765FB /* Base */,
			);
			name = Main.storyboard;
			sourceTree = "<group>";
		};
		B8648A721CF21D4C00C765FB /* LaunchScreen.storyboard */ = {
			isa = PBXVariantGroup;
			children = (
				B8648A731CF21D4C00C765FB /* Base */,
			);
			name = LaunchScreen.storyboard;
			sourceTree = "<group>";
		};
/* End PBXVariantGroup section */

/* Begin XCBuildConfiguration section */
		B8648A8C1CF21D4D00C765FB /* Debug */ = {
			isa = XCBuildConfiguration;
			buildSettings = {
				ALWAYS_SEARCH_USER_PATHS = NO;
				CLANG_ANALYZER_NONNULL = YES;
				CLANG_CXX_LANGUAGE_STANDARD = "gnu++0x";
				CLANG_CXX_LIBRARY = "libc++";
				CLANG_ENABLE_MODULES = YES;
				CLANG_ENABLE_OBJC_ARC = YES;
				CLANG_WARN_BOOL_CONVERSION = YES;
				CLANG_WARN_CONSTANT_CONVERSION = YES;
				CLANG_WARN_DIRECT_OBJC_ISA_USAGE = YES_ERROR;
				CLANG_WARN_EMPTY_BODY = YES;
				CLANG_WARN_ENUM_CONVERSION = YES;
				CLANG_WARN_INT_CONVERSION = YES;
				CLANG_WARN_OBJC_ROOT_CLASS = YES_ERROR;
				CLANG_WARN_UNREACHABLE_CODE = YES;
				CLANG_WARN__DUPLICATE_METHOD_MATCH = YES;
				"CODE_SIGN_IDENTITY[sdk=iphoneos*]" = "iPhone Developer";
				COPY_PHASE_STRIP = NO;
				DEBUG_INFORMATION_FORMAT = dwarf;
				ENABLE_STRICT_OBJC_MSGSEND = YES;
				ENABLE_TESTABILITY = YES;
				GCC_C_LANGUAGE_STANDARD = gnu99;
				GCC_DYNAMIC_NO_PIC = NO;
				GCC_NO_COMMON_BLOCKS = YES;
				GCC_OPTIMIZATION_LEVEL = 0;
				GCC_PREPROCESSOR_DEFINITIONS = (
					"DEBUG=1",
					"$(inherited)",
				);
				GCC_WARN_64_TO_32_BIT_CONVERSION = YES;
				GCC_WARN_ABOUT_RETURN_TYPE = YES_ERROR;
				GCC_WARN_UNDECLARED_SELECTOR = YES;
				GCC_WARN_UNINITIALIZED_AUTOS = YES_AGGRESSIVE;
				GCC_WARN_UNUSED_FUNCTION = YES;
				GCC_WARN_UNUSED_VARIABLE = YES;
				IPHONEOS_DEPLOYMENT_TARGET = 9.3;
				MTL_ENABLE_DEBUG_INFO = YES;
				ONLY_ACTIVE_ARCH = YES;
				SDKROOT = iphoneos;
				SWIFT_OPTIMIZATION_LEVEL = "-Onone";
			};
			name = Debug;
		};
		B8648A8D1CF21D4D00C765FB /* Release */ = {
			isa = XCBuildConfiguration;
			buildSettings = {
				ALWAYS_SEARCH_USER_PATHS = NO;
				CLANG_ANALYZER_NONNULL = YES;
				CLANG_CXX_LANGUAGE_STANDARD = "gnu++0x";
				CLANG_CXX_LIBRARY = "libc++";
				CLANG_ENABLE_MODULES = YES;
				CLANG_ENABLE_OBJC_ARC = YES;
				CLANG_WARN_BOOL_CONVERSION = YES;
				CLANG_WARN_CONSTANT_CONVERSION = YES;
				CLANG_WARN_DIRECT_OBJC_ISA_USAGE = YES_ERROR;
				CLANG_WARN_EMPTY_BODY = YES;
				CLANG_WARN_ENUM_CONVERSION = YES;
				CLANG_WARN_INT_CONVERSION = YES;
				CLANG_WARN_OBJC_ROOT_CLASS = YES_ERROR;
				CLANG_WARN_UNREACHABLE_CODE = YES;
				CLANG_WARN__DUPLICATE_METHOD_MATCH = YES;
				"CODE_SIGN_IDENTITY[sdk=iphoneos*]" = "iPhone Developer";
				COPY_PHASE_STRIP = NO;
				DEBUG_INFORMATION_FORMAT = "dwarf-with-dsym";
				ENABLE_NS_ASSERTIONS = NO;
				ENABLE_STRICT_OBJC_MSGSEND = YES;
				GCC_C_LANGUAGE_STANDARD = gnu99;
				GCC_NO_COMMON_BLOCKS = YES;
				GCC_WARN_64_TO_32_BIT_CONVERSION = YES;
				GCC_WARN_ABOUT_RETURN_TYPE = YES_ERROR;
				GCC_WARN_UNDECLARED_SELECTOR = YES;
				GCC_WARN_UNINITIALIZED_AUTOS = YES_AGGRESSIVE;
				GCC_WARN_UNUSED_FUNCTION = YES;
				GCC_WARN_UNUSED_VARIABLE = YES;
				IPHONEOS_DEPLOYMENT_TARGET = 9.3;
				MTL_ENABLE_DEBUG_INFO = NO;
				SDKROOT = iphoneos;
				VALIDATE_PRODUCT = YES;
			};
			name = Release;
		};
		B8648A8F1CF21D4D00C765FB /* Debug */ = {
			isa = XCBuildConfiguration;
			buildSettings = {
				ASSETCATALOG_COMPILER_APPICON_NAME = AppIcon;
				INFOPLIST_FILE = TipCalculation/Info.plist;
				LD_RUNPATH_SEARCH_PATHS = "$(inherited) @executable_path/Frameworks";
				PRODUCT_BUNDLE_IDENTIFIER = Com.VuNguyen.TipCalculation;
				PRODUCT_NAME = "$(TARGET_NAME)";
			};
			name = Debug;
		};
		B8648A901CF21D4D00C765FB /* Release */ = {
			isa = XCBuildConfiguration;
			buildSettings = {
				ASSETCATALOG_COMPILER_APPICON_NAME = AppIcon;
				INFOPLIST_FILE = TipCalculation/Info.plist;
				LD_RUNPATH_SEARCH_PATHS = "$(inherited) @executable_path/Frameworks";
				PRODUCT_BUNDLE_IDENTIFIER = Com.VuNguyen.TipCalculation;
				PRODUCT_NAME = "$(TARGET_NAME)";
			};
			name = Release;
		};
		B8648A921CF21D4D00C765FB /* Debug */ = {
			isa = XCBuildConfiguration;
			buildSettings = {
				BUNDLE_LOADER = "$(TEST_HOST)";
				INFOPLIST_FILE = TipCalculationTests/Info.plist;
				LD_RUNPATH_SEARCH_PATHS = "$(inherited) @executable_path/Frameworks @loader_path/Frameworks";
				PRODUCT_BUNDLE_IDENTIFIER = Com.VuNguyen.TipCalculationTests;
				PRODUCT_NAME = "$(TARGET_NAME)";
				TEST_HOST = "$(BUILT_PRODUCTS_DIR)/TipCalculation.app/TipCalculation";
			};
			name = Debug;
		};
		B8648A931CF21D4D00C765FB /* Release */ = {
			isa = XCBuildConfiguration;
			buildSettings = {
				BUNDLE_LOADER = "$(TEST_HOST)";
				INFOPLIST_FILE = TipCalculationTests/Info.plist;
				LD_RUNPATH_SEARCH_PATHS = "$(inherited) @executable_path/Frameworks @loader_path/Frameworks";
				PRODUCT_BUNDLE_IDENTIFIER = Com.VuNguyen.TipCalculationTests;
				PRODUCT_NAME = "$(TARGET_NAME)";
				TEST_HOST = "$(BUILT_PRODUCTS_DIR)/TipCalculation.app/TipCalculation";
			};
			name = Release;
		};
		B8648A951CF21D4D00C765FB /* Debug */ = {
			isa = XCBuildConfiguration;
			buildSettings = {
				INFOPLIST_FILE = TipCalculationUITests/Info.plist;
				LD_RUNPATH_SEARCH_PATHS = "$(inherited) @executable_path/Frameworks @loader_path/Frameworks";
				PRODUCT_BUNDLE_IDENTIFIER = Com.VuNguyen.TipCalculationUITests;
				PRODUCT_NAME = "$(TARGET_NAME)";
				TEST_TARGET_NAME = TipCalculation;
			};
			name = Debug;
		};
		B8648A961CF21D4D00C765FB /* Release */ = {
			isa = XCBuildConfiguration;
			buildSettings = {
				INFOPLIST_FILE = TipCalculationUITests/Info.plist;
				LD_RUNPATH_SEARCH_PATHS = "$(inherited) @executable_path/Frameworks @loader_path/Frameworks";
				PRODUCT_BUNDLE_IDENTIFIER = Com.VuNguyen.TipCalculationUITests;
				PRODUCT_NAME = "$(TARGET_NAME)";
				TEST_TARGET_NAME = TipCalculation;
			};
			name = Release;
		};
/* End XCBuildConfiguration section */

/* Begin XCConfigurationList section */
		B8648A611CF21D4C00C765FB /* Build configuration list for PBXProject "TipCalculation" */ = {
			isa = XCConfigurationList;
			buildConfigurations = (
				B8648A8C1CF21D4D00C765FB /* Debug */,
				B8648A8D1CF21D4D00C765FB /* Release */,
			);
			defaultConfigurationIsVisible = 0;
			defaultConfigurationName = Release;
		};
		B8648A8E1CF21D4D00C765FB /* Build configuration list for PBXNativeTarget "TipCalculation" */ = {
			isa = XCConfigurationList;
			buildConfigurations = (
				B8648A8F1CF21D4D00C765FB /* Debug */,
				B8648A901CF21D4D00C765FB /* Release */,
			);
			defaultConfigurationIsVisible = 0;
			defaultConfigurationName = Release;
		};
		B8648A911CF21D4D00C765FB /* Build configuration list for PBXNativeTarget "TipCalculationTests" */ = {
			isa = XCConfigurationList;
			buildConfigurations = (
				B8648A921CF21D4D00C765FB /* Debug */,
				B8648A931CF21D4D00C765FB /* Release */,
			);
			defaultConfigurationIsVisible = 0;
			defaultConfigurationName = Release;
		};
		B8648A941CF21D4D00C765FB /* Build configuration list for PBXNativeTarget "TipCalculationUITests" */ = {
			isa = XCConfigurationList;
			buildConfigurations = (
				B8648A951CF21D4D00C765FB /* Debug */,
				B8648A961CF21D4D00C765FB /* Release */,
			);
			defaultConfigurationIsVisible = 0;
			defaultConfigurationName = Release;
		};
/* End XCConfigurationList section */
	};
	rootObject = B8648A5E1CF21D4C00C765FB /* Project object */;
}
